
Microsoft Visual Studio Solution File, Format Version 12.00
# Visual Studio Version 17
VisualStudioVersion = 17.13.35931.197 d17.13
MinimumVisualStudioVersion = 10.0.40219.1
Project("{FAE04EC0-301F-11D3-BF4B-00C04F79EFBC}") = "Capa_Datos", "Proyecto Li\Capa_Datos.csproj", "{EDFACE31-2E31-40DD-9634-9A2B40FFDF49}"
EndProject
Project("{FAE04EC0-301F-11D3-BF4B-00C04F79EFBC}") = "Capa_Negocios", "Capa Negocios\Capa_Negocios.csproj", "{6C3B2920-2F8C-45A5-88E7-E05DFDD5464E}"
EndProject
Project("{FAE04EC0-301F-11D3-BF4B-00C04F79EFBC}") = "Capa_Presentacion", "Capa_Presentacion\Capa_Presentacion.csproj", "{F8EF33EC-C873-4453-9FD4-F617962CBAC9}"
EndProject
Global
	GlobalSection(SolutionConfigurationPlatforms) = preSolution
		Debug|Any CPU = Debug|Any CPU
		Release|Any CPU = Release|Any CPU
	EndGlobalSection
	GlobalSection(ProjectConfigurationPlatforms) = postSolution
		{EDFACE31-2E31-40DD-9634-9A2B40FFDF49}.Debug|Any CPU.ActiveCfg = Debug|Any CPU
		{EDFACE31-2E31-40DD-9634-9A2B40FFDF49}.Debug|Any CPU.Build.0 = Debug|Any CPU
		{EDFACE31-2E31-40DD-9634-9A2B40FFDF49}.Release|Any CPU.ActiveCfg = Release|Any CPU
		{EDFACE31-2E31-40DD-9634-9A2B40FFDF49}.Release|Any CPU.Build.0 = Release|Any CPU
		{6C3B2920-2F8C-45A5-88E7-E05DFDD5464E}.Debug|Any CPU.ActiveCfg = Debug|Any CPU
		{6C3B2920-2F8C-45A5-88E7-E05DFDD5464E}.Debug|Any CPU.Build.0 = Debug|Any CPU
		{6C3B2920-2F8C-45A5-88E7-E05DFDD5464E}.Release|Any CPU.ActiveCfg = Release|Any CPU
		{6C3B2920-2F8C-45A5-88E7-E05DFDD5464E}.Release|Any CPU.Build.0 = Release|Any CPU
		{F8EF33EC-C873-4453-9FD4-F617962CBAC9}.Debug|Any CPU.ActiveCfg = Debug|Any CPU
		{F8EF33EC-C873-4453-9FD4-F617962CBAC9}.Debug|Any CPU.Build.0 = Debug|Any CPU
		{F8EF33EC-C873-4453-9FD4-F617962CBAC9}.Release|Any CPU.ActiveCfg = Release|Any CPU
		{F8EF33EC-C873-4453-9FD4-F617962CBAC9}.Release|Any CPU.Build.0 = Release|Any CPU
	EndGlobalSection
	GlobalSection(SolutionProperties) = preSolution
		HideSolutionNode = FALSE
	EndGlobalSection
	GlobalSection(ExtensibilityGlobals) = postSolution
		SolutionGuid = {8B817770-33D7-4612-BCF1-F9000E72AF18}
	EndGlobalSection
EndGlobal
